
Microsoft Visual Studio Solution File, Format Version 12.00
# Visual Studio 15
VisualStudioVersion = 15.0.28307.1000
MinimumVisualStudioVersion = 10.0.40219.1
Project("{FAE04EC0-301F-11D3-BF4B-00C04F79EFBC}") = "Assignment_pg164", "Assignment_pg164\Assignment_pg164.csproj", "{D19987D1-346F-4316-ADDA-A35B477219D3}"
EndProject
Global
	GlobalSection(SolutionConfigurationPlatforms) = preSolution
		Debug|Any CPU = Debug|Any CPU
		Release|Any CPU = Release|Any CPU
	EndGlobalSection
	GlobalSection(ProjectConfigurationPlatforms) = postSolution
		{D19987D1-346F-4316-ADDA-A35B477219D3}.Debug|Any CPU.ActiveCfg = Debug|Any CPU
		{D19987D1-346F-4316-ADDA-A35B477219D3}.Debug|Any CPU.Build.0 = Debug|Any CPU
		{D19987D1-346F-4316-ADDA-A35B477219D3}.Release|Any CPU.ActiveCfg = Release|Any CPU
		{D19987D1-346F-4316-ADDA-A35B477219D3}.Release|Any CPU.Build.0 = Release|Any CPU
	EndGlobalSection
	GlobalSection(SolutionProperties) = preSolution
		HideSolutionNode = FALSE
	EndGlobalSection
	GlobalSection(ExtensibilityGlobals) = postSolution
		SolutionGuid = {307EE776-748C-48CC-9F11-769E6259618C}
	EndGlobalSection
EndGlobal
