
Microsoft Visual Studio Solution File, Format Version 12.00
# Visual Studio 15
VisualStudioVersion = 15.0.28307.1000
MinimumVisualStudioVersion = 10.0.40219.1
Project("{FAE04EC0-301F-11D3-BF4B-00C04F79EFBC}") = "Assignment_pg184", "Assignment_pg184\Assignment_pg184.csproj", "{ED089320-1801-4F6C-BF0C-5582CDF96169}"
EndProject
Global
	GlobalSection(SolutionConfigurationPlatforms) = preSolution
		Debug|Any CPU = Debug|Any CPU
		Release|Any CPU = Release|Any CPU
	EndGlobalSection
	GlobalSection(ProjectConfigurationPlatforms) = postSolution
		{ED089320-1801-4F6C-BF0C-5582CDF96169}.Debug|Any CPU.ActiveCfg = Debug|Any CPU
		{ED089320-1801-4F6C-BF0C-5582CDF96169}.Debug|Any CPU.Build.0 = Debug|Any CPU
		{ED089320-1801-4F6C-BF0C-5582CDF96169}.Release|Any CPU.ActiveCfg = Release|Any CPU
		{ED089320-1801-4F6C-BF0C-5582CDF96169}.Release|Any CPU.Build.0 = Release|Any CPU
	EndGlobalSection
	GlobalSection(SolutionProperties) = preSolution
		HideSolutionNode = FALSE
	EndGlobalSection
	GlobalSection(ExtensibilityGlobals) = postSolution
		SolutionGuid = {E27D3727-61A8-4DDB-AEDB-2A65AF4AE633}
	EndGlobalSection
EndGlobal
