
Microsoft Visual Studio Solution File, Format Version 12.00
# Visual Studio 15
VisualStudioVersion = 15.0.28307.1000
MinimumVisualStudioVersion = 10.0.40219.1
Project("{FAE04EC0-301F-11D3-BF4B-00C04F79EFBC}") = "Assignment_pg89", "Assignment_pg89\Assignment_pg89.csproj", "{8C0D3649-9AB2-4EF3-8A0F-D0C2CE237590}"
EndProject
Global
	GlobalSection(SolutionConfigurationPlatforms) = preSolution
		Debug|Any CPU = Debug|Any CPU
		Release|Any CPU = Release|Any CPU
	EndGlobalSection
	GlobalSection(ProjectConfigurationPlatforms) = postSolution
		{8C0D3649-9AB2-4EF3-8A0F-D0C2CE237590}.Debug|Any CPU.ActiveCfg = Debug|Any CPU
		{8C0D3649-9AB2-4EF3-8A0F-D0C2CE237590}.Debug|Any CPU.Build.0 = Debug|Any CPU
		{8C0D3649-9AB2-4EF3-8A0F-D0C2CE237590}.Release|Any CPU.ActiveCfg = Release|Any CPU
		{8C0D3649-9AB2-4EF3-8A0F-D0C2CE237590}.Release|Any CPU.Build.0 = Release|Any CPU
	EndGlobalSection
	GlobalSection(SolutionProperties) = preSolution
		HideSolutionNode = FALSE
	EndGlobalSection
	GlobalSection(ExtensibilityGlobals) = postSolution
		SolutionGuid = {8E819755-C13F-4828-ABD2-7B825C27FE30}
	EndGlobalSection
EndGlobal
