
Microsoft Visual Studio Solution File, Format Version 12.00
# Visual Studio 15
VisualStudioVersion = 15.0.28307.1000
MinimumVisualStudioVersion = 10.0.40219.1
Project("{FAE04EC0-301F-11D3-BF4B-00C04F79EFBC}") = "Assignment_pg202", "Assignment_pg202\Assignment_pg202.csproj", "{6CF3721A-F0FF-426D-9741-7071B839B89C}"
EndProject
Global
	GlobalSection(SolutionConfigurationPlatforms) = preSolution
		Debug|Any CPU = Debug|Any CPU
		Release|Any CPU = Release|Any CPU
	EndGlobalSection
	GlobalSection(ProjectConfigurationPlatforms) = postSolution
		{6CF3721A-F0FF-426D-9741-7071B839B89C}.Debug|Any CPU.ActiveCfg = Debug|Any CPU
		{6CF3721A-F0FF-426D-9741-7071B839B89C}.Debug|Any CPU.Build.0 = Debug|Any CPU
		{6CF3721A-F0FF-426D-9741-7071B839B89C}.Release|Any CPU.ActiveCfg = Release|Any CPU
		{6CF3721A-F0FF-426D-9741-7071B839B89C}.Release|Any CPU.Build.0 = Release|Any CPU
	EndGlobalSection
	GlobalSection(SolutionProperties) = preSolution
		HideSolutionNode = FALSE
	EndGlobalSection
	GlobalSection(ExtensibilityGlobals) = postSolution
		SolutionGuid = {867C6CEE-3AB7-457A-8CD4-5B963E1CEEA9}
	EndGlobalSection
EndGlobal
