
Microsoft Visual Studio Solution File, Format Version 12.00
# Visual Studio 15
VisualStudioVersion = 15.0.28307.1000
MinimumVisualStudioVersion = 10.0.40219.1
Project("{FAE04EC0-301F-11D3-BF4B-00C04F79EFBC}") = "Assignment_pg72", "Assignment_pg72\Assignment_pg72.csproj", "{D70317F9-DC53-4F00-A383-1A93370702AD}"
EndProject
Global
	GlobalSection(SolutionConfigurationPlatforms) = preSolution
		Debug|Any CPU = Debug|Any CPU
		Release|Any CPU = Release|Any CPU
	EndGlobalSection
	GlobalSection(ProjectConfigurationPlatforms) = postSolution
		{D70317F9-DC53-4F00-A383-1A93370702AD}.Debug|Any CPU.ActiveCfg = Debug|Any CPU
		{D70317F9-DC53-4F00-A383-1A93370702AD}.Debug|Any CPU.Build.0 = Debug|Any CPU
		{D70317F9-DC53-4F00-A383-1A93370702AD}.Release|Any CPU.ActiveCfg = Release|Any CPU
		{D70317F9-DC53-4F00-A383-1A93370702AD}.Release|Any CPU.Build.0 = Release|Any CPU
	EndGlobalSection
	GlobalSection(SolutionProperties) = preSolution
		HideSolutionNode = FALSE
	EndGlobalSection
	GlobalSection(ExtensibilityGlobals) = postSolution
		SolutionGuid = {5D207629-EFE1-43AC-8568-F2B0F9B95E74}
	EndGlobalSection
EndGlobal
